
Microsoft Visual Studio Solution File, Format Version 12.00
# Visual Studio 15
VisualStudioVersion = 15.0.28010.2046
MinimumVisualStudioVersion = 10.0.40219.1
Project("{FAE04EC0-301F-11D3-BF4B-00C04F79EFBC}") = "ConsoleApp4", "ConsoleApp4\ConsoleApp4.csproj", "{570EC9D8-2F4E-44F3-909B-F63C734F718F}"
EndProject
Project("{FAE04EC0-301F-11D3-BF4B-00C04F79EFBC}") = "Lab_2", "Lab_2\Lab_2.csproj", "{D76031BF-69E6-465F-8FBE-84562EA1ECB8}"
EndProject
Project("{FAE04EC0-301F-11D3-BF4B-00C04F79EFBC}") = "Lab_3", "Lab_3\Lab_3.csproj", "{4951A2B5-3857-49A4-87AE-3FA05A02BD07}"
EndProject
Project("{FAE04EC0-301F-11D3-BF4B-00C04F79EFBC}") = "Labs_4", "Labs_4\Labs_4.csproj", "{44A88AE2-F050-4524-91F3-F467E57EE940}"
EndProject
Global
	GlobalSection(SolutionConfigurationPlatforms) = preSolution
		Debug|Any CPU = Debug|Any CPU
		Release|Any CPU = Release|Any CPU
	EndGlobalSection
	GlobalSection(ProjectConfigurationPlatforms) = postSolution
		{570EC9D8-2F4E-44F3-909B-F63C734F718F}.Debug|Any CPU.ActiveCfg = Debug|Any CPU
		{570EC9D8-2F4E-44F3-909B-F63C734F718F}.Debug|Any CPU.Build.0 = Debug|Any CPU
		{570EC9D8-2F4E-44F3-909B-F63C734F718F}.Release|Any CPU.ActiveCfg = Release|Any CPU
		{570EC9D8-2F4E-44F3-909B-F63C734F718F}.Release|Any CPU.Build.0 = Release|Any CPU
		{D76031BF-69E6-465F-8FBE-84562EA1ECB8}.Debug|Any CPU.ActiveCfg = Debug|Any CPU
		{D76031BF-69E6-465F-8FBE-84562EA1ECB8}.Debug|Any CPU.Build.0 = Debug|Any CPU
		{D76031BF-69E6-465F-8FBE-84562EA1ECB8}.Release|Any CPU.ActiveCfg = Release|Any CPU
		{D76031BF-69E6-465F-8FBE-84562EA1ECB8}.Release|Any CPU.Build.0 = Release|Any CPU
		{4951A2B5-3857-49A4-87AE-3FA05A02BD07}.Debug|Any CPU.ActiveCfg = Debug|Any CPU
		{4951A2B5-3857-49A4-87AE-3FA05A02BD07}.Debug|Any CPU.Build.0 = Debug|Any CPU
		{4951A2B5-3857-49A4-87AE-3FA05A02BD07}.Release|Any CPU.ActiveCfg = Release|Any CPU
		{4951A2B5-3857-49A4-87AE-3FA05A02BD07}.Release|Any CPU.Build.0 = Release|Any CPU
		{44A88AE2-F050-4524-91F3-F467E57EE940}.Debug|Any CPU.ActiveCfg = Debug|Any CPU
		{44A88AE2-F050-4524-91F3-F467E57EE940}.Debug|Any CPU.Build.0 = Debug|Any CPU
		{44A88AE2-F050-4524-91F3-F467E57EE940}.Release|Any CPU.ActiveCfg = Release|Any CPU
		{44A88AE2-F050-4524-91F3-F467E57EE940}.Release|Any CPU.Build.0 = Release|Any CPU
	EndGlobalSection
	GlobalSection(SolutionProperties) = preSolution
		HideSolutionNode = FALSE
	EndGlobalSection
	GlobalSection(ExtensibilityGlobals) = postSolution
		SolutionGuid = {34BF0FA1-B10A-4B7F-B465-5CFB3A7625A3}
	EndGlobalSection
EndGlobal
